
Microsoft Visual Studio Solution File, Format Version 12.00
# Visual Studio Version 16
VisualStudioVersion = 16.0.29001.49
MinimumVisualStudioVersion = 10.0.40219.1
Project("{9A19103F-16F7-4668-BE54-9A1E7A4F7556}") = "Client", "Client\Client.csproj", "{554A2F6B-FD8D-4713-8132-BD78C8E7E57A}"
EndProject
Project("{9A19103F-16F7-4668-BE54-9A1E7A4F7556}") = "Channel", "Channel\Channel.csproj", "{FD655063-13B2-46D6-95AF-AA15A8B3F797}"
EndProject
Project("{9A19103F-16F7-4668-BE54-9A1E7A4F7556}") = "Cachalot", "Cachalot\Cachalot.csproj", "{EC035730-3794-4D6D-A5A4-B85B138C7027}"
EndProject
Project("{9A19103F-16F7-4668-BE54-9A1E7A4F7556}") = "Server", "Server\Server.csproj", "{F52893BA-C871-41B5-AB5B-F774626013EF}"
EndProject
Project("{9A19103F-16F7-4668-BE54-9A1E7A4F7556}") = "CoreHost", "CoreHost\CoreHost.csproj", "{A9A0AB74-D26E-49CD-808D-B1ABF33E2CB8}"
EndProject
Project("{9A19103F-16F7-4668-BE54-9A1E7A4F7556}") = "AdminConsole", "AdminConsole\AdminConsole.csproj", "{BFF4CED5-0426-4D3E-A2B2-CFEF009AFDC7}"
EndProject
Project("{9A19103F-16F7-4668-BE54-9A1E7A4F7556}") = "UnitTests", "UnitTests\UnitTests.csproj", "{4CBF80D7-9F28-4DBB-A823-85C07CA56F13}"
EndProject
Project("{9A19103F-16F7-4668-BE54-9A1E7A4F7556}") = "WindowsService", "WindowsService\WindowsService.csproj", "{A1ADC8FF-3B88-4B4C-B76B-3156677E1815}"
EndProject
Project("{2150E333-8FDC-42A3-9474-1A3956D46DE8}") = "Solution Items", "Solution Items", "{44884EF3-0331-4AD8-B8C2-CECE04A18773}"
	ProjectSection(SolutionItems) = preProject
		publish.cmd = publish.cmd
		readme.html = readme.html
		README.md = README.md
	EndProjectSection
EndProject
Project("{9A19103F-16F7-4668-BE54-9A1E7A4F7556}") = "StressTests", "StressTests\StressTests.csproj", "{20DFA135-3809-4FDA-9ADF-BCB368D29449}"
EndProject
Project("{9A19103F-16F7-4668-BE54-9A1E7A4F7556}") = "StorageAnalyzer", "StorageAnalyzer\StorageAnalyzer.csproj", "{80258FC5-4D27-4AC4-B6E7-BEAB799F901B}"
EndProject
Project("{9A19103F-16F7-4668-BE54-9A1E7A4F7556}") = "Spike", "Spike\Spike.csproj", "{AADA458A-21A5-43F3-B1FD-7F1F0B424FF2}"
EndProject
Project("{9A19103F-16F7-4668-BE54-9A1E7A4F7556}") = "TestRunner", "TestRunner\TestRunner.csproj", "{EA186E47-9EE6-40D7-B95F-438B218399D1}"
EndProject
Global
	GlobalSection(SolutionConfigurationPlatforms) = preSolution
		Debug|Any CPU = Debug|Any CPU
		Release|Any CPU = Release|Any CPU
	EndGlobalSection
	GlobalSection(ProjectConfigurationPlatforms) = postSolution
		{554A2F6B-FD8D-4713-8132-BD78C8E7E57A}.Debug|Any CPU.ActiveCfg = Debug|Any CPU
		{554A2F6B-FD8D-4713-8132-BD78C8E7E57A}.Debug|Any CPU.Build.0 = Debug|Any CPU
		{554A2F6B-FD8D-4713-8132-BD78C8E7E57A}.Release|Any CPU.ActiveCfg = Release|Any CPU
		{554A2F6B-FD8D-4713-8132-BD78C8E7E57A}.Release|Any CPU.Build.0 = Release|Any CPU
		{FD655063-13B2-46D6-95AF-AA15A8B3F797}.Debug|Any CPU.ActiveCfg = Debug|Any CPU
		{FD655063-13B2-46D6-95AF-AA15A8B3F797}.Debug|Any CPU.Build.0 = Debug|Any CPU
		{FD655063-13B2-46D6-95AF-AA15A8B3F797}.Release|Any CPU.ActiveCfg = Release|Any CPU
		{FD655063-13B2-46D6-95AF-AA15A8B3F797}.Release|Any CPU.Build.0 = Release|Any CPU
		{EC035730-3794-4D6D-A5A4-B85B138C7027}.Debug|Any CPU.ActiveCfg = Debug|Any CPU
		{EC035730-3794-4D6D-A5A4-B85B138C7027}.Debug|Any CPU.Build.0 = Debug|Any CPU
		{EC035730-3794-4D6D-A5A4-B85B138C7027}.Release|Any CPU.ActiveCfg = Release|Any CPU
		{EC035730-3794-4D6D-A5A4-B85B138C7027}.Release|Any CPU.Build.0 = Release|Any CPU
		{F52893BA-C871-41B5-AB5B-F774626013EF}.Debug|Any CPU.ActiveCfg = Debug|Any CPU
		{F52893BA-C871-41B5-AB5B-F774626013EF}.Debug|Any CPU.Build.0 = Debug|Any CPU
		{F52893BA-C871-41B5-AB5B-F774626013EF}.Release|Any CPU.ActiveCfg = Release|Any CPU
		{F52893BA-C871-41B5-AB5B-F774626013EF}.Release|Any CPU.Build.0 = Release|Any CPU
		{A9A0AB74-D26E-49CD-808D-B1ABF33E2CB8}.Debug|Any CPU.ActiveCfg = Debug|Any CPU
		{A9A0AB74-D26E-49CD-808D-B1ABF33E2CB8}.Debug|Any CPU.Build.0 = Debug|Any CPU
		{A9A0AB74-D26E-49CD-808D-B1ABF33E2CB8}.Release|Any CPU.ActiveCfg = Release|Any CPU
		{A9A0AB74-D26E-49CD-808D-B1ABF33E2CB8}.Release|Any CPU.Build.0 = Release|Any CPU
		{BFF4CED5-0426-4D3E-A2B2-CFEF009AFDC7}.Debug|Any CPU.ActiveCfg = Debug|Any CPU
		{BFF4CED5-0426-4D3E-A2B2-CFEF009AFDC7}.Debug|Any CPU.Build.0 = Debug|Any CPU
		{BFF4CED5-0426-4D3E-A2B2-CFEF009AFDC7}.Release|Any CPU.ActiveCfg = Release|Any CPU
		{BFF4CED5-0426-4D3E-A2B2-CFEF009AFDC7}.Release|Any CPU.Build.0 = Release|Any CPU
		{4CBF80D7-9F28-4DBB-A823-85C07CA56F13}.Debug|Any CPU.ActiveCfg = Debug|Any CPU
		{4CBF80D7-9F28-4DBB-A823-85C07CA56F13}.Debug|Any CPU.Build.0 = Debug|Any CPU
		{4CBF80D7-9F28-4DBB-A823-85C07CA56F13}.Release|Any CPU.ActiveCfg = Release|Any CPU
		{4CBF80D7-9F28-4DBB-A823-85C07CA56F13}.Release|Any CPU.Build.0 = Release|Any CPU
		{A1ADC8FF-3B88-4B4C-B76B-3156677E1815}.Debug|Any CPU.ActiveCfg = Debug|Any CPU
		{A1ADC8FF-3B88-4B4C-B76B-3156677E1815}.Debug|Any CPU.Build.0 = Debug|Any CPU
		{A1ADC8FF-3B88-4B4C-B76B-3156677E1815}.Release|Any CPU.ActiveCfg = Release|Any CPU
		{A1ADC8FF-3B88-4B4C-B76B-3156677E1815}.Release|Any CPU.Build.0 = Release|Any CPU
		{20DFA135-3809-4FDA-9ADF-BCB368D29449}.Debug|Any CPU.ActiveCfg = Debug|Any CPU
		{20DFA135-3809-4FDA-9ADF-BCB368D29449}.Debug|Any CPU.Build.0 = Debug|Any CPU
		{20DFA135-3809-4FDA-9ADF-BCB368D29449}.Release|Any CPU.ActiveCfg = Release|Any CPU
		{20DFA135-3809-4FDA-9ADF-BCB368D29449}.Release|Any CPU.Build.0 = Release|Any CPU
		{80258FC5-4D27-4AC4-B6E7-BEAB799F901B}.Debug|Any CPU.ActiveCfg = Debug|Any CPU
		{80258FC5-4D27-4AC4-B6E7-BEAB799F901B}.Debug|Any CPU.Build.0 = Debug|Any CPU
		{80258FC5-4D27-4AC4-B6E7-BEAB799F901B}.Release|Any CPU.ActiveCfg = Release|Any CPU
		{80258FC5-4D27-4AC4-B6E7-BEAB799F901B}.Release|Any CPU.Build.0 = Release|Any CPU
		{AADA458A-21A5-43F3-B1FD-7F1F0B424FF2}.Debug|Any CPU.ActiveCfg = Debug|Any CPU
		{AADA458A-21A5-43F3-B1FD-7F1F0B424FF2}.Debug|Any CPU.Build.0 = Debug|Any CPU
		{AADA458A-21A5-43F3-B1FD-7F1F0B424FF2}.Release|Any CPU.ActiveCfg = Release|Any CPU
		{AADA458A-21A5-43F3-B1FD-7F1F0B424FF2}.Release|Any CPU.Build.0 = Release|Any CPU
		{EA186E47-9EE6-40D7-B95F-438B218399D1}.Debug|Any CPU.ActiveCfg = Debug|Any CPU
		{EA186E47-9EE6-40D7-B95F-438B218399D1}.Debug|Any CPU.Build.0 = Debug|Any CPU
		{EA186E47-9EE6-40D7-B95F-438B218399D1}.Release|Any CPU.ActiveCfg = Release|Any CPU
		{EA186E47-9EE6-40D7-B95F-438B218399D1}.Release|Any CPU.Build.0 = Release|Any CPU
	EndGlobalSection
	GlobalSection(SolutionProperties) = preSolution
		HideSolutionNode = FALSE
	EndGlobalSection
	GlobalSection(ExtensibilityGlobals) = postSolution
		SolutionGuid = {A0F715DB-00F5-4FBE-8817-35308EAE9482}
	EndGlobalSection
EndGlobal
