
Microsoft Visual Studio Solution File, Format Version 12.00
# Visual Studio Version 16
VisualStudioVersion = 16.0.29001.49
MinimumVisualStudioVersion = 10.0.40219.1
Project("{9A19103F-16F7-4668-BE54-9A1E7A4F7556}") = "Accounts", "AccountsCore\Accounts.csproj", "{CA52EB72-6832-4310-BE29-0DD2564CCAAC}"
EndProject
Project("{9A19103F-16F7-4668-BE54-9A1E7A4F7556}") = "BookingMarketplace", "BookingMarketplaceCore\BookingMarketplace.csproj", "{4DD699BA-25B5-486F-9967-E1288D094B45}"
EndProject
Global
	GlobalSection(SolutionConfigurationPlatforms) = preSolution
		Debug|Any CPU = Debug|Any CPU
		Release|Any CPU = Release|Any CPU
	EndGlobalSection
	GlobalSection(ProjectConfigurationPlatforms) = postSolution
		{CA52EB72-6832-4310-BE29-0DD2564CCAAC}.Debug|Any CPU.ActiveCfg = Debug|Any CPU
		{CA52EB72-6832-4310-BE29-0DD2564CCAAC}.Debug|Any CPU.Build.0 = Debug|Any CPU
		{CA52EB72-6832-4310-BE29-0DD2564CCAAC}.Release|Any CPU.ActiveCfg = Release|Any CPU
		{CA52EB72-6832-4310-BE29-0DD2564CCAAC}.Release|Any CPU.Build.0 = Release|Any CPU
		{4DD699BA-25B5-486F-9967-E1288D094B45}.Debug|Any CPU.ActiveCfg = Debug|Any CPU
		{4DD699BA-25B5-486F-9967-E1288D094B45}.Debug|Any CPU.Build.0 = Debug|Any CPU
		{4DD699BA-25B5-486F-9967-E1288D094B45}.Release|Any CPU.ActiveCfg = Release|Any CPU
		{4DD699BA-25B5-486F-9967-E1288D094B45}.Release|Any CPU.Build.0 = Release|Any CPU
	EndGlobalSection
	GlobalSection(SolutionProperties) = preSolution
		HideSolutionNode = FALSE
	EndGlobalSection
	GlobalSection(ExtensibilityGlobals) = postSolution
		SolutionGuid = {4C803247-6957-4E89-827C-DA86EB9789EC}
	EndGlobalSection
EndGlobal
