
Microsoft Visual Studio Solution File, Format Version 12.00
# Visual Studio 15
VisualStudioVersion = 15.0.26730.15
MinimumVisualStudioVersion = 10.0.40219.1
Project("{FAE04EC0-301F-11D3-BF4B-00C04F79EFBC}") = "Accounts", "Accounts\Accounts.csproj", "{6C1A9CB8-0B30-4F15-A104-F89A5C9A29D4}"
EndProject
Project("{FAE04EC0-301F-11D3-BF4B-00C04F79EFBC}") = "BookingMarketplace", "BookingMarketplace\BookingMarketplace.csproj", "{1233F002-7DF8-4B23-B66A-318F8E943FE5}"
EndProject
Global
	GlobalSection(SolutionConfigurationPlatforms) = preSolution
		Debug|Any CPU = Debug|Any CPU
		Release|Any CPU = Release|Any CPU
	EndGlobalSection
	GlobalSection(ProjectConfigurationPlatforms) = postSolution
		{6C1A9CB8-0B30-4F15-A104-F89A5C9A29D4}.Debug|Any CPU.ActiveCfg = Debug|Any CPU
		{6C1A9CB8-0B30-4F15-A104-F89A5C9A29D4}.Debug|Any CPU.Build.0 = Debug|Any CPU
		{6C1A9CB8-0B30-4F15-A104-F89A5C9A29D4}.Release|Any CPU.ActiveCfg = Release|Any CPU
		{6C1A9CB8-0B30-4F15-A104-F89A5C9A29D4}.Release|Any CPU.Build.0 = Release|Any CPU
		{1233F002-7DF8-4B23-B66A-318F8E943FE5}.Debug|Any CPU.ActiveCfg = Debug|Any CPU
		{1233F002-7DF8-4B23-B66A-318F8E943FE5}.Debug|Any CPU.Build.0 = Debug|Any CPU
		{1233F002-7DF8-4B23-B66A-318F8E943FE5}.Release|Any CPU.ActiveCfg = Release|Any CPU
		{1233F002-7DF8-4B23-B66A-318F8E943FE5}.Release|Any CPU.Build.0 = Release|Any CPU
	EndGlobalSection
	GlobalSection(SolutionProperties) = preSolution
		HideSolutionNode = FALSE
	EndGlobalSection
	GlobalSection(ExtensibilityGlobals) = postSolution
		SolutionGuid = {4C803247-6957-4E89-827C-DA86EB9789EC}
	EndGlobalSection
EndGlobal
